
Microsoft Visual Studio Solution File, Format Version 12.00
# Visual Studio Version 16
VisualStudioVersion = 16.0.31205.134
MinimumVisualStudioVersion = 10.0.40219.1
Project("{FAE04EC0-301F-11D3-BF4B-00C04F79EFBC}") = "WebApp", "WebApp\WebApp.csproj", "{099FE148-D68B-4C08-A6E0-034FF0D09AE1}"
EndProject
Project("{FAE04EC0-301F-11D3-BF4B-00C04F79EFBC}") = "ChinookSystem", "ChinookSystem\ChinookSystem.csproj", "{909BEA86-B62F-49B9-9135-506625B61F8A}"
EndProject
Global
	GlobalSection(SolutionConfigurationPlatforms) = preSolution
		Debug|Any CPU = Debug|Any CPU
		Release|Any CPU = Release|Any CPU
	EndGlobalSection
	GlobalSection(ProjectConfigurationPlatforms) = postSolution
		{099FE148-D68B-4C08-A6E0-034FF0D09AE1}.Debug|Any CPU.ActiveCfg = Debug|Any CPU
		{099FE148-D68B-4C08-A6E0-034FF0D09AE1}.Debug|Any CPU.Build.0 = Debug|Any CPU
		{099FE148-D68B-4C08-A6E0-034FF0D09AE1}.Release|Any CPU.ActiveCfg = Release|Any CPU
		{099FE148-D68B-4C08-A6E0-034FF0D09AE1}.Release|Any CPU.Build.0 = Release|Any CPU
		{909BEA86-B62F-49B9-9135-506625B61F8A}.Debug|Any CPU.ActiveCfg = Debug|Any CPU
		{909BEA86-B62F-49B9-9135-506625B61F8A}.Debug|Any CPU.Build.0 = Debug|Any CPU
		{909BEA86-B62F-49B9-9135-506625B61F8A}.Release|Any CPU.ActiveCfg = Release|Any CPU
		{909BEA86-B62F-49B9-9135-506625B61F8A}.Release|Any CPU.Build.0 = Release|Any CPU
	EndGlobalSection
	GlobalSection(SolutionProperties) = preSolution
		HideSolutionNode = FALSE
	EndGlobalSection
	GlobalSection(ExtensibilityGlobals) = postSolution
		SolutionGuid = {7D25C6E2-1912-4710-BA14-2862310C3B81}
	EndGlobalSection
EndGlobal
